
Microsoft Visual Studio Solution File, Format Version 12.00
# Visual Studio Version 16
VisualStudioVersion = 16.0.30907.101
MinimumVisualStudioVersion = 10.0.40219.1
Project("{9A19103F-16F7-4668-BE54-9A1E7A4F7556}") = "RealGameWebsiteTest", "RealKruGameWebsite\RealGameWebsiteTest.csproj", "{B6640B03-682F-4FCD-B1F5-CFF6A4B9559C}"
EndProject
Project("{9A19103F-16F7-4668-BE54-9A1E7A4F7556}") = "WorkModels.Models", "WorkModels.Models\WorkModels.Models.csproj", "{9D0B2DA5-5973-4FF4-A6D1-4E6F95BDD147}"
EndProject
Project("{9A19103F-16F7-4668-BE54-9A1E7A4F7556}") = "WorkServices.Services", "WorkServices.Services\WorkServices.Services.csproj", "{FC8AB284-D0C8-4C3B-B6DF-B2F76CC50F0E}"
EndProject
Project("{FAE04EC0-301F-11D3-BF4B-00C04F79EFBC}") = "UserModels.Models", "UserModels.Models\UserModels.Models.csproj", "{0DE7D2B3-EA8D-4F96-8AE3-5CF63FA4A303}"
EndProject
Project("{FAE04EC0-301F-11D3-BF4B-00C04F79EFBC}") = "UserServices.Services", "UserModel.Services\UserServices.Services.csproj", "{B324AED0-B273-44B2-AB6B-724DA9D146D0}"
EndProject
Global
	GlobalSection(SolutionConfigurationPlatforms) = preSolution
		Debug|Any CPU = Debug|Any CPU
		Release|Any CPU = Release|Any CPU
	EndGlobalSection
	GlobalSection(ProjectConfigurationPlatforms) = postSolution
		{B6640B03-682F-4FCD-B1F5-CFF6A4B9559C}.Debug|Any CPU.ActiveCfg = Debug|Any CPU
		{B6640B03-682F-4FCD-B1F5-CFF6A4B9559C}.Debug|Any CPU.Build.0 = Debug|Any CPU
		{B6640B03-682F-4FCD-B1F5-CFF6A4B9559C}.Release|Any CPU.ActiveCfg = Release|Any CPU
		{B6640B03-682F-4FCD-B1F5-CFF6A4B9559C}.Release|Any CPU.Build.0 = Release|Any CPU
		{9D0B2DA5-5973-4FF4-A6D1-4E6F95BDD147}.Debug|Any CPU.ActiveCfg = Debug|Any CPU
		{9D0B2DA5-5973-4FF4-A6D1-4E6F95BDD147}.Debug|Any CPU.Build.0 = Debug|Any CPU
		{9D0B2DA5-5973-4FF4-A6D1-4E6F95BDD147}.Release|Any CPU.ActiveCfg = Release|Any CPU
		{9D0B2DA5-5973-4FF4-A6D1-4E6F95BDD147}.Release|Any CPU.Build.0 = Release|Any CPU
		{FC8AB284-D0C8-4C3B-B6DF-B2F76CC50F0E}.Debug|Any CPU.ActiveCfg = Debug|Any CPU
		{FC8AB284-D0C8-4C3B-B6DF-B2F76CC50F0E}.Debug|Any CPU.Build.0 = Debug|Any CPU
		{FC8AB284-D0C8-4C3B-B6DF-B2F76CC50F0E}.Release|Any CPU.ActiveCfg = Release|Any CPU
		{FC8AB284-D0C8-4C3B-B6DF-B2F76CC50F0E}.Release|Any CPU.Build.0 = Release|Any CPU
		{0DE7D2B3-EA8D-4F96-8AE3-5CF63FA4A303}.Debug|Any CPU.ActiveCfg = Debug|Any CPU
		{0DE7D2B3-EA8D-4F96-8AE3-5CF63FA4A303}.Debug|Any CPU.Build.0 = Debug|Any CPU
		{0DE7D2B3-EA8D-4F96-8AE3-5CF63FA4A303}.Release|Any CPU.ActiveCfg = Release|Any CPU
		{0DE7D2B3-EA8D-4F96-8AE3-5CF63FA4A303}.Release|Any CPU.Build.0 = Release|Any CPU
		{B324AED0-B273-44B2-AB6B-724DA9D146D0}.Debug|Any CPU.ActiveCfg = Debug|Any CPU
		{B324AED0-B273-44B2-AB6B-724DA9D146D0}.Debug|Any CPU.Build.0 = Debug|Any CPU
		{B324AED0-B273-44B2-AB6B-724DA9D146D0}.Release|Any CPU.ActiveCfg = Release|Any CPU
		{B324AED0-B273-44B2-AB6B-724DA9D146D0}.Release|Any CPU.Build.0 = Release|Any CPU
	EndGlobalSection
	GlobalSection(SolutionProperties) = preSolution
		HideSolutionNode = FALSE
	EndGlobalSection
	GlobalSection(ExtensibilityGlobals) = postSolution
		SolutionGuid = {39A071ED-A03D-4ABE-A158-9969D2E7D9E0}
	EndGlobalSection
EndGlobal
